PODS:
  - Alamofire (4.9.1)
  - PromisesObjC (1.2.12)
  - PromisesSwift (1.2.12):
    - PromisesObjC (= 1.2.12)
  - Resolver (1.4.1)
  - SwiftKeychainWrapper (4.0.1)

DEPENDENCIES:
  - Alamofire
  - PromisesSwift
  - Resolver
  - SwiftKeychainWrapper

SPEC REPOS:
  trunk:
    - Alamofire
    - PromisesObjC
    - PromisesSwift
    - Resolver
    - SwiftKeychainWrapper

SPEC CHECKSUMS:
  Alamofire: 85e8a02c69d6020a0d734f6054870d7ecb75cf18
  PromisesObjC: 3113f7f76903778cf4a0586bd1ab89329a0b7b97
  PromisesSwift: 64085cf6e5fc1b5001f90cf31e87a1f1621fefee
  Resolver: c293d0177cbc69fcb700cfd49922ae2122c1829c
  SwiftKeychainWrapper: 807ba1d63c33a7d0613288512399cd1eda1e470c

PODFILE CHECKSUM: 432752a4845a67d871e315393cd60749e5c24382

COCOAPODS: 1.10.1
