// !$*UTF8*$!
{
	archiveVersion = 1;
	classes = {
	};
	objectVersion = 51;
	objects = {

/* Begin PBXBuildFile section */
		4446B868268600D10081B323 /* SearchTextFieldView.swift in Sources */ = {isa = PBXBuildFile; fileRef = 4446B867268600D10081B323 /* SearchTextFieldView.swift */; };
		4446B86D268601C30081B323 /* CustomTextField.swift in Sources */ = {isa = PBXBuildFile; fileRef = 4446B86C268601C30081B323 /* CustomTextField.swift */; };
		444D534F2673F3E200299056 /* IRequestService.swift in Sources */ = {isa = PBXBuildFile; fileRef = 444D534E2673F3E200299056 /* IRequestService.swift */; };
		444D53562673F4BB00299056 /* IItemWithId.swift in Sources */ = {isa = PBXBuildFile; fileRef = 444D53552673F4BB00299056 /* IItemWithId.swift */; };
		444D53602673F57400299056 /* CryptoCurrency.swift in Sources */ = {isa = PBXBuildFile; fileRef = 444D535F2673F57400299056 /* CryptoCurrency.swift */; };
		444D53732673FAA600299056 /* RequestService.swift in Sources */ = {isa = PBXBuildFile; fileRef = 444D53722673FAA600299056 /* RequestService.swift */; };
		444D53862673FFD000299056 /* Injection.swift in Sources */ = {isa = PBXBuildFile; fileRef = 444D53852673FFD000299056 /* Injection.swift */; };
		444D53BB2674041100299056 /* IObjectManager.swift in Sources */ = {isa = PBXBuildFile; fileRef = 444D53BA2674041100299056 /* IObjectManager.swift */; };
		444D53C02674047C00299056 /* ObjectManager.swift in Sources */ = {isa = PBXBuildFile; fileRef = 444D53BF2674047C00299056 /* ObjectManager.swift */; };
		444D53C52674056D00299056 /* ItemRequest.swift in Sources */ = {isa = PBXBuildFile; fileRef = 444D53C42674056D00299056 /* ItemRequest.swift */; };
		445F6FFD2680912F0074DA6C /* AppereancySettings.swift in Sources */ = {isa = PBXBuildFile; fileRef = 445F6FFC2680912F0074DA6C /* AppereancySettings.swift */; };
		44A7D66526736E7C00375D21 /* currency_and_weatherApp.swift in Sources */ = {isa = PBXBuildFile; fileRef = 44A7D66426736E7C00375D21 /* currency_and_weatherApp.swift */; };
		44A7D66726736E7C00375D21 /* MainView.swift in Sources */ = {isa = PBXBuildFile; fileRef = 44A7D66626736E7C00375D21 /* MainView.swift */; };
		44A7D66926736E8C00375D21 /* Assets.xcassets in Resources */ = {isa = PBXBuildFile; fileRef = 44A7D66826736E8C00375D21 /* Assets.xcassets */; };
		44A7D66C26736E8C00375D21 /* Preview Assets.xcassets in Resources */ = {isa = PBXBuildFile; fileRef = 44A7D66B26736E8C00375D21 /* Preview Assets.xcassets */; };
		44A7D66E26736E8C00375D21 /* Persistence.swift in Sources */ = {isa = PBXBuildFile; fileRef = 44A7D66D26736E8C00375D21 /* Persistence.swift */; };
		44A7D67126736E8C00375D21 /* currency_and_weather.xcdatamodeld in Sources */ = {isa = PBXBuildFile; fileRef = 44A7D66F26736E8C00375D21 /* currency_and_weather.xcdatamodeld */; };
		44A7D67C26736E8C00375D21 /* currency_and_weatherTests.swift in Sources */ = {isa = PBXBuildFile; fileRef = 44A7D67B26736E8C00375D21 /* currency_and_weatherTests.swift */; };
		44A7D68726736E8D00375D21 /* currency_and_weatherUITests.swift in Sources */ = {isa = PBXBuildFile; fileRef = 44A7D68626736E8D00375D21 /* currency_and_weatherUITests.swift */; };
		44AE14DD2684BDC00001909F /* CryptoCurrencyView.swift in Sources */ = {isa = PBXBuildFile; fileRef = 44AE14DC2684BDC00001909F /* CryptoCurrencyView.swift */; };
		A5E8909DD476EC1E1B8963AE /* Pods_currency_and_weather.framework in Frameworks */ = {isa = PBXBuildFile; fileRef = AC6BE49C5F48EB512DD14040 /* Pods_currency_and_weather.framework */; };
		C4C69AD1C51A2B71DC98B08E /* Pods_currency_and_weather_currency_and_weatherUITests.framework in Frameworks */ = {isa = PBXBuildFile; fileRef = 5298B72863655A5D29982C53 /* Pods_currency_and_weather_currency_and_weatherUITests.framework */; };
		FCD64E1B6D3EF256B7E071B7 /* Pods_currency_and_weatherTests.framework in Frameworks */ = {isa = PBXBuildFile; fileRef = 90B1D5CA24C12B77EC96F2CF /* Pods_currency_and_weatherTests.framework */; };
/* End PBXBuildFile section */

/* Begin PBXContainerItemProxy section */
		44A7D67826736E8C00375D21 /* PBXContainerItemProxy */ = {
			isa = PBXContainerItemProxy;
			containerPortal = 44A7D65926736E7C00375D21 /* Project object */;
			proxyType = 1;
			remoteGlobalIDString = 44A7D66026736E7C00375D21;
			remoteInfo = "currency-and-weather";
		};
		44A7D68326736E8C00375D21 /* PBXContainerItemProxy */ = {
			isa = PBXContainerItemProxy;
			containerPortal = 44A7D65926736E7C00375D21 /* Project object */;
			proxyType = 1;
			remoteGlobalIDString = 44A7D66026736E7C00375D21;
			remoteInfo = "currency-and-weather";
		};
/* End PBXContainerItemProxy section */

/* Begin PBXFileReference section */
		4446B867268600D10081B323 /* SearchTextFieldView.swift */ = {isa = PBXFileReference; lastKnownFileType = sourcecode.swift; path = SearchTextFieldView.swift; sourceTree = "<group>"; };
		4446B86C268601C30081B323 /* CustomTextField.swift */ = {isa = PBXFileReference; lastKnownFileType = sourcecode.swift; path = CustomTextField.swift; sourceTree = "<group>"; };
		444D534E2673F3E200299056 /* IRequestService.swift */ = {isa = PBXFileReference; lastKnownFileType = sourcecode.swift; path = IRequestService.swift; sourceTree = "<group>"; };
		444D53552673F4BB00299056 /* IItemWithId.swift */ = {isa = PBXFileReference; lastKnownFileType = sourcecode.swift; path = IItemWithId.swift; sourceTree = "<group>"; };
		444D535F2673F57400299056 /* CryptoCurrency.swift */ = {isa = PBXFileReference; lastKnownFileType = sourcecode.swift; path = CryptoCurrency.swift; sourceTree = "<group>"; };
		444D53722673FAA600299056 /* RequestService.swift */ = {isa = PBXFileReference; lastKnownFileType = sourcecode.swift; path = RequestService.swift; sourceTree = "<group>"; };
		444D53852673FFD000299056 /* Injection.swift */ = {isa = PBXFileReference; lastKnownFileType = sourcecode.swift; path = Injection.swift; sourceTree = "<group>"; };
		444D53BA2674041100299056 /* IObjectManager.swift */ = {isa = PBXFileReference; lastKnownFileType = sourcecode.swift; path = IObjectManager.swift; sourceTree = "<group>"; };
		444D53BF2674047C00299056 /* ObjectManager.swift */ = {isa = PBXFileReference; lastKnownFileType = sourcecode.swift; path = ObjectManager.swift; sourceTree = "<group>"; };
		444D53C42674056D00299056 /* ItemRequest.swift */ = {isa = PBXFileReference; lastKnownFileType = sourcecode.swift; path = ItemRequest.swift; sourceTree = "<group>"; };
		445F6FFC2680912F0074DA6C /* AppereancySettings.swift */ = {isa = PBXFileReference; lastKnownFileType = sourcecode.swift; path = AppereancySettings.swift; sourceTree = "<group>"; };
		44A7D66126736E7C00375D21 /* currency-and-weather.app */ = {isa = PBXFileReference; explicitFileType = wrapper.application; includeInIndex = 0; path = "currency-and-weather.app"; sourceTree = BUILT_PRODUCTS_DIR; };
		44A7D66426736E7C00375D21 /* currency_and_weatherApp.swift */ = {isa = PBXFileReference; lastKnownFileType = sourcecode.swift; path = currency_and_weatherApp.swift; sourceTree = "<group>"; };
		44A7D66626736E7C00375D21 /* MainView.swift */ = {isa = PBXFileReference; lastKnownFileType = sourcecode.swift; path = MainView.swift; sourceTree = "<group>"; };
		44A7D66826736E8C00375D21 /* Assets.xcassets */ = {isa = PBXFileReference; lastKnownFileType = folder.assetcatalog; path = Assets.xcassets; sourceTree = "<group>"; };
		44A7D66B26736E8C00375D21 /* Preview Assets.xcassets */ = {isa = PBXFileReference; lastKnownFileType = folder.assetcatalog; path = "Preview Assets.xcassets"; sourceTree = "<group>"; };
		44A7D66D26736E8C00375D21 /* Persistence.swift */ = {isa = PBXFileReference; lastKnownFileType = sourcecode.swift; path = Persistence.swift; sourceTree = "<group>"; };
		44A7D67026736E8C00375D21 /* currency_and_weather.xcdatamodel */ = {isa = PBXFileReference; lastKnownFileType = wrapper.xcdatamodel; path = currency_and_weather.xcdatamodel; sourceTree = "<group>"; };
		44A7D67226736E8C00375D21 /* Info.plist */ = {isa = PBXFileReference; lastKnownFileType = text.plist.xml; path = Info.plist; sourceTree = "<group>"; };
		44A7D67726736E8C00375D21 /* currency-and-weatherTests.xctest */ = {isa = PBXFileReference; explicitFileType = wrapper.cfbundle; includeInIndex = 0; path = "currency-and-weatherTests.xctest"; sourceTree = BUILT_PRODUCTS_DIR; };
		44A7D67B26736E8C00375D21 /* currency_and_weatherTests.swift */ = {isa = PBXFileReference; lastKnownFileType = sourcecode.swift; path = currency_and_weatherTests.swift; sourceTree = "<group>"; };
		44A7D67D26736E8C00375D21 /* Info.plist */ = {isa = PBXFileReference; lastKnownFileType = text.plist.xml; path = Info.plist; sourceTree = "<group>"; };
		44A7D68226736E8C00375D21 /* currency-and-weatherUITests.xctest */ = {isa = PBXFileReference; explicitFileType = wrapper.cfbundle; includeInIndex = 0; path = "currency-and-weatherUITests.xctest"; sourceTree = BUILT_PRODUCTS_DIR; };
		44A7D68626736E8D00375D21 /* currency_and_weatherUITests.swift */ = {isa = PBXFileReference; lastKnownFileType = sourcecode.swift; path = currency_and_weatherUITests.swift; sourceTree = "<group>"; };
		44A7D68826736E8D00375D21 /* Info.plist */ = {isa = PBXFileReference; lastKnownFileType = text.plist.xml; path = Info.plist; sourceTree = "<group>"; };
		44AE14DC2684BDC00001909F /* CryptoCurrencyView.swift */ = {isa = PBXFileReference; lastKnownFileType = sourcecode.swift; path = CryptoCurrencyView.swift; sourceTree = "<group>"; };
		5298B72863655A5D29982C53 /* Pods_currency_and_weather_currency_and_weatherUITests.framework */ = {isa = PBXFileReference; explicitFileType = wrapper.framework; includeInIndex = 0; path = Pods_currency_and_weather_currency_and_weatherUITests.framework; sourceTree = BUILT_PRODUCTS_DIR; };
		722731F6FD867BD2B783CB6F /* Pods-currency-and-weatherTests.release.xcconfig */ = {isa = PBXFileReference; includeInIndex = 1; lastKnownFileType = text.xcconfig; name = "Pods-currency-and-weatherTests.release.xcconfig"; path = "Target Support Files/Pods-currency-and-weatherTests/Pods-currency-and-weatherTests.release.xcconfig"; sourceTree = "<group>"; };
		90B1D5CA24C12B77EC96F2CF /* Pods_currency_and_weatherTests.framework */ = {isa = PBXFileReference; explicitFileType = wrapper.framework; includeInIndex = 0; path = Pods_currency_and_weatherTests.framework; sourceTree = BUILT_PRODUCTS_DIR; };
		9D1629E748C43C1A319530EB /* Pods-currency-and-weather-currency-and-weatherUITests.debug.xcconfig */ = {isa = PBXFileReference; includeInIndex = 1; lastKnownFileType = text.xcconfig; name = "Pods-currency-and-weather-currency-and-weatherUITests.debug.xcconfig"; path = "Target Support Files/Pods-currency-and-weather-currency-and-weatherUITests/Pods-currency-and-weather-currency-and-weatherUITests.debug.xcconfig"; sourceTree = "<group>"; };
		A22C53004DE8E9B3F10D4AF5 /* Pods-currency-and-weather.debug.xcconfig */ = {isa = PBXFileReference; includeInIndex = 1; lastKnownFileType = text.xcconfig; name = "Pods-currency-and-weather.debug.xcconfig"; path = "Target Support Files/Pods-currency-and-weather/Pods-currency-and-weather.debug.xcconfig"; sourceTree = "<group>"; };
		AC6BE49C5F48EB512DD14040 /* Pods_currency_and_weather.framework */ = {isa = PBXFileReference; explicitFileType = wrapper.framework; includeInIndex = 0; path = Pods_currency_and_weather.framework; sourceTree = BUILT_PRODUCTS_DIR; };
		BE5E6FE97552868D67F3167F /* Pods-currency-and-weather.release.xcconfig */ = {isa = PBXFileReference; includeInIndex = 1; lastKnownFileType = text.xcconfig; name = "Pods-currency-and-weather.release.xcconfig"; path = "Target Support Files/Pods-currency-and-weather/Pods-currency-and-weather.release.xcconfig"; sourceTree = "<group>"; };
		DEDC1EDA39DE36FACCDB21BB /* Pods-currency-and-weather-currency-and-weatherUITests.release.xcconfig */ = {isa = PBXFileReference; includeInIndex = 1; lastKnownFileType = text.xcconfig; name = "Pods-currency-and-weather-currency-and-weatherUITests.release.xcconfig"; path = "Target Support Files/Pods-currency-and-weather-currency-and-weatherUITests/Pods-currency-and-weather-currency-and-weatherUITests.release.xcconfig"; sourceTree = "<group>"; };
		FE5B79674AA601DB1276428A /* Pods-currency-and-weatherTests.debug.xcconfig */ = {isa = PBXFileReference; includeInIndex = 1; lastKnownFileType = text.xcconfig; name = "Pods-currency-and-weatherTests.debug.xcconfig"; path = "Target Support Files/Pods-currency-and-weatherTests/Pods-currency-and-weatherTests.debug.xcconfig"; sourceTree = "<group>"; };
/* End PBXFileReference section */

/* Begin PBXFrameworksBuildPhase section */
		44A7D65E26736E7C00375D21 /* Frameworks */ = {
			isa = PBXFrameworksBuildPhase;
			buildActionMask = 2147483647;
			files = (
				A5E8909DD476EC1E1B8963AE /* Pods_currency_and_weather.framework in Frameworks */,
			);
			runOnlyForDeploymentPostprocessing = 0;
		};
		44A7D67426736E8C00375D21 /* Frameworks */ = {
			isa = PBXFrameworksBuildPhase;
			buildActionMask = 2147483647;
			files = (
				FCD64E1B6D3EF256B7E071B7 /* Pods_currency_and_weatherTests.framework in Frameworks */,
			);
			runOnlyForDeploymentPostprocessing = 0;
		};
		44A7D67F26736E8C00375D21 /* Frameworks */ = {
			isa = PBXFrameworksBuildPhase;
			buildActionMask = 2147483647;
			files = (
				C4C69AD1C51A2B71DC98B08E /* Pods_currency_and_weather_currency_and_weatherUITests.framework in Frameworks */,
			);
			runOnlyForDeploymentPostprocessing = 0;
		};
/* End PBXFrameworksBuildPhase section */

/* Begin PBXGroup section */
		4446B866268600B70081B323 /* Inputs */ = {
			isa = PBXGroup;
			children = (
				4446B867268600D10081B323 /* SearchTextFieldView.swift */,
				4446B86C268601C30081B323 /* CustomTextField.swift */,
			);
			path = Inputs;
			sourceTree = "<group>";
		};
		444D534A2673F33D00299056 /* Utilities */ = {
			isa = PBXGroup;
			children = (
				445F6FFC2680912F0074DA6C /* AppereancySettings.swift */,
				44A7D66D26736E8C00375D21 /* Persistence.swift */,
				444D534B2673F39900299056 /* Dependecy Injection */,
			);
			path = Utilities;
			sourceTree = "<group>";
		};
		444D534B2673F39900299056 /* Dependecy Injection */ = {
			isa = PBXGroup;
			children = (
				444D534D2673F3C300299056 /* Implementation */,
				444D534C2673F3AD00299056 /* Protocols */,
				444D53852673FFD000299056 /* Injection.swift */,
			);
			path = "Dependecy Injection";
			sourceTree = "<group>";
		};
		444D534C2673F3AD00299056 /* Protocols */ = {
			isa = PBXGroup;
			children = (
				444D534E2673F3E200299056 /* IRequestService.swift */,
				444D53BA2674041100299056 /* IObjectManager.swift */,
			);
			path = Protocols;
			sourceTree = "<group>";
		};
		444D534D2673F3C300299056 /* Implementation */ = {
			isa = PBXGroup;
			children = (
				444D53722673FAA600299056 /* RequestService.swift */,
				444D53BF2674047C00299056 /* ObjectManager.swift */,
			);
			path = Implementation;
			sourceTree = "<group>";
		};
		444D53532673F42D00299056 /* Entities */ = {
			isa = PBXGroup;
			children = (
				444D535E2673F55600299056 /* Weather */,
				444D535D2673F54D00299056 /* Currency */,
				444D53552673F4BB00299056 /* IItemWithId.swift */,
				444D53C42674056D00299056 /* ItemRequest.swift */,
			);
			path = Entities;
			sourceTree = "<group>";
		};
		444D53542673F44700299056 /* Components */ = {
			isa = PBXGroup;
			children = (
				4446B866268600B70081B323 /* Inputs */,
				44AE14DA2684BD940001909F /* View */,
			);
			path = Components;
			sourceTree = "<group>";
		};
		444D535D2673F54D00299056 /* Currency */ = {
			isa = PBXGroup;
			children = (
				444D535F2673F57400299056 /* CryptoCurrency.swift */,
			);
			path = Currency;
			sourceTree = "<group>";
		};
		444D535E2673F55600299056 /* Weather */ = {
			isa = PBXGroup;
			children = (
			);
			path = Weather;
			sourceTree = "<group>";
		};
		44A7D65826736E7C00375D21 = {
			isa = PBXGroup;
			children = (
				44A7D66326736E7C00375D21 /* currency-and-weather */,
				44A7D67A26736E8C00375D21 /* currency-and-weatherTests */,
				44A7D68526736E8C00375D21 /* currency-and-weatherUITests */,
				44A7D66226736E7C00375D21 /* Products */,
				FFD489F985B93C0DB71123F5 /* Pods */,
				549EB71ADF2BF940DF160A0E /* Frameworks */,
			);
			sourceTree = "<group>";
		};
		44A7D66226736E7C00375D21 /* Products */ = {
			isa = PBXGroup;
			children = (
				44A7D66126736E7C00375D21 /* currency-and-weather.app */,
				44A7D67726736E8C00375D21 /* currency-and-weatherTests.xctest */,
				44A7D68226736E8C00375D21 /* currency-and-weatherUITests.xctest */,
			);
			name = Products;
			sourceTree = "<group>";
		};
		44A7D66326736E7C00375D21 /* currency-and-weather */ = {
			isa = PBXGroup;
			children = (
				444D53542673F44700299056 /* Components */,
				444D53532673F42D00299056 /* Entities */,
				444D534A2673F33D00299056 /* Utilities */,
				44A7D66426736E7C00375D21 /* currency_and_weatherApp.swift */,
				44A7D66826736E8C00375D21 /* Assets.xcassets */,
				44A7D67226736E8C00375D21 /* Info.plist */,
				44A7D66F26736E8C00375D21 /* currency_and_weather.xcdatamodeld */,
				44A7D66A26736E8C00375D21 /* Preview Content */,
			);
			path = "currency-and-weather";
			sourceTree = "<group>";
		};
		44A7D66A26736E8C00375D21 /* Preview Content */ = {
			isa = PBXGroup;
			children = (
				44A7D66B26736E8C00375D21 /* Preview Assets.xcassets */,
			);
			path = "Preview Content";
			sourceTree = "<group>";
		};
		44A7D67A26736E8C00375D21 /* currency-and-weatherTests */ = {
			isa = PBXGroup;
			children = (
				44A7D67B26736E8C00375D21 /* currency_and_weatherTests.swift */,
				44A7D67D26736E8C00375D21 /* Info.plist */,
			);
			path = "currency-and-weatherTests";
			sourceTree = "<group>";
		};
		44A7D68526736E8C00375D21 /* currency-and-weatherUITests */ = {
			isa = PBXGroup;
			children = (
				44A7D68626736E8D00375D21 /* currency_and_weatherUITests.swift */,
				44A7D68826736E8D00375D21 /* Info.plist */,
			);
			path = "currency-and-weatherUITests";
			sourceTree = "<group>";
		};
		44AE14DA2684BD940001909F /* View */ = {
			isa = PBXGroup;
			children = (
				44AE14DB2684BDAA0001909F /* Currency View */,
				44A7D66626736E7C00375D21 /* MainView.swift */,
			);
			path = View;
			sourceTree = "<group>";
		};
		44AE14DB2684BDAA0001909F /* Currency View */ = {
			isa = PBXGroup;
			children = (
				44AE14DC2684BDC00001909F /* CryptoCurrencyView.swift */,
			);
			path = "Currency View";
			sourceTree = "<group>";
		};
		549EB71ADF2BF940DF160A0E /* Frameworks */ = {
			isa = PBXGroup;
			children = (
				AC6BE49C5F48EB512DD14040 /* Pods_currency_and_weather.framework */,
				5298B72863655A5D29982C53 /* Pods_currency_and_weather_currency_and_weatherUITests.framework */,
				90B1D5CA24C12B77EC96F2CF /* Pods_currency_and_weatherTests.framework */,
			);
			name = Frameworks;
			sourceTree = "<group>";
		};
		FFD489F985B93C0DB71123F5 /* Pods */ = {
			isa = PBXGroup;
			children = (
				A22C53004DE8E9B3F10D4AF5 /* Pods-currency-and-weather.debug.xcconfig */,
				BE5E6FE97552868D67F3167F /* Pods-currency-and-weather.release.xcconfig */,
				9D1629E748C43C1A319530EB /* Pods-currency-and-weather-currency-and-weatherUITests.debug.xcconfig */,
				DEDC1EDA39DE36FACCDB21BB /* Pods-currency-and-weather-currency-and-weatherUITests.release.xcconfig */,
				FE5B79674AA601DB1276428A /* Pods-currency-and-weatherTests.debug.xcconfig */,
				722731F6FD867BD2B783CB6F /* Pods-currency-and-weatherTests.release.xcconfig */,
			);
			path = Pods;
			sourceTree = "<group>";
		};
/* End PBXGroup section */

/* Begin PBXNativeTarget section */
		44A7D66026736E7C00375D21 /* currency-and-weather */ = {
			isa = PBXNativeTarget;
			buildConfigurationList = 44A7D68B26736E8D00375D21 /* Build configuration list for PBXNativeTarget "currency-and-weather" */;
			buildPhases = (
				B66A56D890A0758794E494A6 /* [CP] Check Pods Manifest.lock */,
				44A7D65D26736E7C00375D21 /* Sources */,
				44A7D65E26736E7C00375D21 /* Frameworks */,
				44A7D65F26736E7C00375D21 /* Resources */,
				54E89BE5A78889367C7B52CF /* [CP] Embed Pods Frameworks */,
			);
			buildRules = (
			);
			dependencies = (
			);
			name = "currency-and-weather";
			productName = "currency-and-weather";
			productReference = 44A7D66126736E7C00375D21 /* currency-and-weather.app */;
			productType = "com.apple.product-type.application";
		};
		44A7D67626736E8C00375D21 /* currency-and-weatherTests */ = {
			isa = PBXNativeTarget;
			buildConfigurationList = 44A7D68E26736E8D00375D21 /* Build configuration list for PBXNativeTarget "currency-and-weatherTests" */;
			buildPhases = (
				D68BD5F3CC4D03B2CD7C05A2 /* [CP] Check Pods Manifest.lock */,
				44A7D67326736E8C00375D21 /* Sources */,
				44A7D67426736E8C00375D21 /* Frameworks */,
				44A7D67526736E8C00375D21 /* Resources */,
			);
			buildRules = (
			);
			dependencies = (
				44A7D67926736E8C00375D21 /* PBXTargetDependency */,
			);
			name = "currency-and-weatherTests";
			productName = "currency-and-weatherTests";
			productReference = 44A7D67726736E8C00375D21 /* currency-and-weatherTests.xctest */;
			productType = "com.apple.product-type.bundle.unit-test";
		};
		44A7D68126736E8C00375D21 /* currency-and-weatherUITests */ = {
			isa = PBXNativeTarget;
			buildConfigurationList = 44A7D69126736E8D00375D21 /* Build configuration list for PBXNativeTarget "currency-and-weatherUITests" */;
			buildPhases = (
				642BB6DF6F76EAA717AE509A /* [CP] Check Pods Manifest.lock */,
				44A7D67E26736E8C00375D21 /* Sources */,
				44A7D67F26736E8C00375D21 /* Frameworks */,
				44A7D68026736E8C00375D21 /* Resources */,
				5D97D7B555ECF3DF403261C8 /* [CP] Embed Pods Frameworks */,
			);
			buildRules = (
			);
			dependencies = (
				44A7D68426736E8C00375D21 /* PBXTargetDependency */,
			);
			name = "currency-and-weatherUITests";
			productName = "currency-and-weatherUITests";
			productReference = 44A7D68226736E8C00375D21 /* currency-and-weatherUITests.xctest */;
			productType = "com.apple.product-type.bundle.ui-testing";
		};
/* End PBXNativeTarget section */

/* Begin PBXProject section */
		44A7D65926736E7C00375D21 /* Project object */ = {
			isa = PBXProject;
			attributes = {
				LastSwiftUpdateCheck = 1230;
				LastUpgradeCheck = 1230;
				TargetAttributes = {
					44A7D66026736E7C00375D21 = {
						CreatedOnToolsVersion = 12.3;
					};
					44A7D67626736E8C00375D21 = {
						CreatedOnToolsVersion = 12.3;
						TestTargetID = 44A7D66026736E7C00375D21;
					};
					44A7D68126736E8C00375D21 = {
						CreatedOnToolsVersion = 12.3;
						TestTargetID = 44A7D66026736E7C00375D21;
					};
				};
			};
			buildConfigurationList = 44A7D65C26736E7C00375D21 /* Build configuration list for PBXProject "currency-and-weather" */;
			compatibilityVersion = "Xcode 9.3";
			developmentRegion = en;
			hasScannedForEncodings = 0;
			knownRegions = (
				en,
				Base,
			);
			mainGroup = 44A7D65826736E7C00375D21;
			productRefGroup = 44A7D66226736E7C00375D21 /* Products */;
			projectDirPath = "";
			projectRoot = "";
			targets = (
				44A7D66026736E7C00375D21 /* currency-and-weather */,
				44A7D67626736E8C00375D21 /* currency-and-weatherTests */,
				44A7D68126736E8C00375D21 /* currency-and-weatherUITests */,
			);
		};
/* End PBXProject section */

/* Begin PBXResourcesBuildPhase section */
		44A7D65F26736E7C00375D21 /* Resources */ = {
			isa = PBXResourcesBuildPhase;
			buildActionMask = 2147483647;
			files = (
				44A7D66C26736E8C00375D21 /* Preview Assets.xcassets in Resources */,
				44A7D66926736E8C00375D21 /* Assets.xcassets in Resources */,
			);
			runOnlyForDeploymentPostprocessing = 0;
		};
		44A7D67526736E8C00375D21 /* Resources */ = {
			isa = PBXResourcesBuildPhase;
			buildActionMask = 2147483647;
			files = (
			);
			runOnlyForDeploymentPostprocessing = 0;
		};
		44A7D68026736E8C00375D21 /* Resources */ = {
			isa = PBXResourcesBuildPhase;
			buildActionMask = 2147483647;
			files = (
			);
			runOnlyForDeploymentPostprocessing = 0;
		};
/* End PBXResourcesBuildPhase section */

/* Begin PBXShellScriptBuildPhase section */
		54E89BE5A78889367C7B52CF /* [CP] Embed Pods Frameworks */ = {
			isa = PBXShellScriptBuildPhase;
			buildActionMask = 2147483647;
			files = (
			);
			inputFileListPaths = (
				"${PODS_ROOT}/Target Support Files/Pods-currency-and-weather/Pods-currency-and-weather-frameworks-${CONFIGURATION}-input-files.xcfilelist",
			);
			name = "[CP] Embed Pods Frameworks";
			outputFileListPaths = (
				"${PODS_ROOT}/Target Support Files/Pods-currency-and-weather/Pods-currency-and-weather-frameworks-${CONFIGURATION}-output-files.xcfilelist",
			);
			runOnlyForDeploymentPostprocessing = 0;
			shellPath = /bin/sh;
			shellScript = "\"${PODS_ROOT}/Target Support Files/Pods-currency-and-weather/Pods-currency-and-weather-frameworks.sh\"\n";
			showEnvVarsInLog = 0;
		};
		5D97D7B555ECF3DF403261C8 /* [CP] Embed Pods Frameworks */ = {
			isa = PBXShellScriptBuildPhase;
			buildActionMask = 2147483647;
			files = (
			);
			inputFileListPaths = (
				"${PODS_ROOT}/Target Support Files/Pods-currency-and-weather-currency-and-weatherUITests/Pods-currency-and-weather-currency-and-weatherUITests-frameworks-${CONFIGURATION}-input-files.xcfilelist",
			);
			name = "[CP] Embed Pods Frameworks";
			outputFileListPaths = (
				"${PODS_ROOT}/Target Support Files/Pods-currency-and-weather-currency-and-weatherUITests/Pods-currency-and-weather-currency-and-weatherUITests-frameworks-${CONFIGURATION}-output-files.xcfilelist",
			);
			runOnlyForDeploymentPostprocessing = 0;
			shellPath = /bin/sh;
			shellScript = "\"${PODS_ROOT}/Target Support Files/Pods-currency-and-weather-currency-and-weatherUITests/Pods-currency-and-weather-currency-and-weatherUITests-frameworks.sh\"\n";
			showEnvVarsInLog = 0;
		};
		642BB6DF6F76EAA717AE509A /* [CP] Check Pods Manifest.lock */ = {
			isa = PBXShellScriptBuildPhase;
			buildActionMask = 2147483647;
			files = (
			);
			inputFileListPaths = (
			);
			inputPaths = (
				"${PODS_PODFILE_DIR_PATH}/Podfile.lock",
				"${PODS_ROOT}/Manifest.lock",
			);
			name = "[CP] Check Pods Manifest.lock";
			outputFileListPaths = (
			);
			outputPaths = (
				"$(DERIVED_FILE_DIR)/Pods-currency-and-weather-currency-and-weatherUITests-checkManifestLockResult.txt",
			);
			runOnlyForDeploymentPostprocessing = 0;
			shellPath = /bin/sh;
			shellScript = "diff \"${PODS_PODFILE_DIR_PATH}/Podfile.lock\" \"${PODS_ROOT}/Manifest.lock\" > /dev/null\nif [ $? != 0 ] ; then\n    # print error to STDERR\n    echo \"error: The sandbox is not in sync with the Podfile.lock. Run 'pod install' or update your CocoaPods installation.\" >&2\n    exit 1\nfi\n# This output is used by Xcode 'outputs' to avoid re-running this script phase.\necho \"SUCCESS\" > \"${SCRIPT_OUTPUT_FILE_0}\"\n";
			showEnvVarsInLog = 0;
		};
		B66A56D890A0758794E494A6 /* [CP] Check Pods Manifest.lock */ = {
			isa = PBXShellScriptBuildPhase;
			buildActionMask = 2147483647;
			files = (
			);
			inputFileListPaths = (
			);
			inputPaths = (
				"${PODS_PODFILE_DIR_PATH}/Podfile.lock",
				"${PODS_ROOT}/Manifest.lock",
			);
			name = "[CP] Check Pods Manifest.lock";
			outputFileListPaths = (
			);
			outputPaths = (
				"$(DERIVED_FILE_DIR)/Pods-currency-and-weather-checkManifestLockResult.txt",
			);
			runOnlyForDeploymentPostprocessing = 0;
			shellPath = /bin/sh;
			shellScript = "diff \"${PODS_PODFILE_DIR_PATH}/Podfile.lock\" \"${PODS_ROOT}/Manifest.lock\" > /dev/null\nif [ $? != 0 ] ; then\n    # print error to STDERR\n    echo \"error: The sandbox is not in sync with the Podfile.lock. Run 'pod install' or update your CocoaPods installation.\" >&2\n    exit 1\nfi\n# This output is used by Xcode 'outputs' to avoid re-running this script phase.\necho \"SUCCESS\" > \"${SCRIPT_OUTPUT_FILE_0}\"\n";
			showEnvVarsInLog = 0;
		};
		D68BD5F3CC4D03B2CD7C05A2 /* [CP] Check Pods Manifest.lock */ = {
			isa = PBXShellScriptBuildPhase;
			buildActionMask = 2147483647;
			files = (
			);
			inputFileListPaths = (
			);
			inputPaths = (
				"${PODS_PODFILE_DIR_PATH}/Podfile.lock",
				"${PODS_ROOT}/Manifest.lock",
			);
			name = "[CP] Check Pods Manifest.lock";
			outputFileListPaths = (
			);
			outputPaths = (
				"$(DERIVED_FILE_DIR)/Pods-currency-and-weatherTests-checkManifestLockResult.txt",
			);
			runOnlyForDeploymentPostprocessing = 0;
			shellPath = /bin/sh;
			shellScript = "diff \"${PODS_PODFILE_DIR_PATH}/Podfile.lock\" \"${PODS_ROOT}/Manifest.lock\" > /dev/null\nif [ $? != 0 ] ; then\n    # print error to STDERR\n    echo \"error: The sandbox is not in sync with the Podfile.lock. Run 'pod install' or update your CocoaPods installation.\" >&2\n    exit 1\nfi\n# This output is used by Xcode 'outputs' to avoid re-running this script phase.\necho \"SUCCESS\" > \"${SCRIPT_OUTPUT_FILE_0}\"\n";
			showEnvVarsInLog = 0;
		};
/* End PBXShellScriptBuildPhase section */

/* Begin PBXSourcesBuildPhase section */
		44A7D65D26736E7C00375D21 /* Sources */ = {
			isa = PBXSourcesBuildPhase;
			buildActionMask = 2147483647;
			files = (
				44AE14DD2684BDC00001909F /* CryptoCurrencyView.swift in Sources */,
				44A7D66E26736E8C00375D21 /* Persistence.swift in Sources */,
				444D53732673FAA600299056 /* RequestService.swift in Sources */,
				44A7D66726736E7C00375D21 /* MainView.swift in Sources */,
				4446B86D268601C30081B323 /* CustomTextField.swift in Sources */,
				445F6FFD2680912F0074DA6C /* AppereancySettings.swift in Sources */,
				44A7D66526736E7C00375D21 /* currency_and_weatherApp.swift in Sources */,
				444D53C52674056D00299056 /* ItemRequest.swift in Sources */,
				444D53C02674047C00299056 /* ObjectManager.swift in Sources */,
				444D53602673F57400299056 /* CryptoCurrency.swift in Sources */,
				444D534F2673F3E200299056 /* IRequestService.swift in Sources */,
				4446B868268600D10081B323 /* SearchTextFieldView.swift in Sources */,
				444D53862673FFD000299056 /* Injection.swift in Sources */,
				44A7D67126736E8C00375D21 /* currency_and_weather.xcdatamodeld in Sources */,
				444D53BB2674041100299056 /* IObjectManager.swift in Sources */,
				444D53562673F4BB00299056 /* IItemWithId.swift in Sources */,
			);
			runOnlyForDeploymentPostprocessing = 0;
		};
		44A7D67326736E8C00375D21 /* Sources */ = {
			isa = PBXSourcesBuildPhase;
			buildActionMask = 2147483647;
			files = (
				44A7D67C26736E8C00375D21 /* currency_and_weatherTests.swift in Sources */,
			);
			runOnlyForDeploymentPostprocessing = 0;
		};
		44A7D67E26736E8C00375D21 /* Sources */ = {
			isa = PBXSourcesBuildPhase;
			buildActionMask = 2147483647;
			files = (
				44A7D68726736E8D00375D21 /* currency_and_weatherUITests.swift in Sources */,
			);
			runOnlyForDeploymentPostprocessing = 0;
		};
/* End PBXSourcesBuildPhase section */

/* Begin PBXTargetDependency section */
		44A7D67926736E8C00375D21 /* PBXTargetDependency */ = {
			isa = PBXTargetDependency;
			target = 44A7D66026736E7C00375D21 /* currency-and-weather */;
			targetProxy = 44A7D67826736E8C00375D21 /* PBXContainerItemProxy */;
		};
		44A7D68426736E8C00375D21 /* PBXTargetDependency */ = {
			isa = PBXTargetDependency;
			target = 44A7D66026736E7C00375D21 /* currency-and-weather */;
			targetProxy = 44A7D68326736E8C00375D21 /* PBXContainerItemProxy */;
		};
/* End PBXTargetDependency section */

/* Begin XCBuildConfiguration section */
		44A7D68926736E8D00375D21 /* Debug */ = {
			isa = XCBuildConfiguration;
			buildSettings = {
				ALWAYS_SEARCH_USER_PATHS = NO;
				CLANG_ANALYZER_NONNULL = YES;
				CLANG_ANALYZER_NUMBER_OBJECT_CONVERSION = YES_AGGRESSIVE;
				CLANG_CXX_LANGUAGE_STANDARD = "gnu++14";
				CLANG_CXX_LIBRARY = "libc++";
				CLANG_ENABLE_MODULES = YES;
				CLANG_ENABLE_OBJC_ARC = YES;
				CLANG_ENABLE_OBJC_WEAK = YES;
				CLANG_WARN_BLOCK_CAPTURE_AUTORELEASING = YES;
				CLANG_WARN_BOOL_CONVERSION = YES;
				CLANG_WARN_COMMA = YES;
				CLANG_WARN_CONSTANT_CONVERSION = YES;
				CLANG_WARN_DEPRECATED_OBJC_IMPLEMENTATIONS = YES;
				CLANG_WARN_DIRECT_OBJC_ISA_USAGE = YES_ERROR;
				CLANG_WARN_DOCUMENTATION_COMMENTS = YES;
				CLANG_WARN_EMPTY_BODY = YES;
				CLANG_WARN_ENUM_CONVERSION = YES;
				CLANG_WARN_INFINITE_RECURSION = YES;
				CLANG_WARN_INT_CONVERSION = YES;
				CLANG_WARN_NON_LITERAL_NULL_CONVERSION = YES;
				CLANG_WARN_OBJC_IMPLICIT_RETAIN_SELF = YES;
				CLANG_WARN_OBJC_LITERAL_CONVERSION = YES;
				CLANG_WARN_OBJC_ROOT_CLASS = YES_ERROR;
				CLANG_WARN_QUOTED_INCLUDE_IN_FRAMEWORK_HEADER = YES;
				CLANG_WARN_RANGE_LOOP_ANALYSIS = YES;
				CLANG_WARN_STRICT_PROTOTYPES = YES;
				CLANG_WARN_SUSPICIOUS_MOVE = YES;
				CLANG_WARN_UNGUARDED_AVAILABILITY = YES_AGGRESSIVE;
				CLANG_WARN_UNREACHABLE_CODE = YES;
				CLANG_WARN__DUPLICATE_METHOD_MATCH = YES;
				COPY_PHASE_STRIP = NO;
				DEBUG_INFORMATION_FORMAT = dwarf;
				ENABLE_STRICT_OBJC_MSGSEND = YES;
				ENABLE_TESTABILITY = YES;
				GCC_C_LANGUAGE_STANDARD = gnu11;
				GCC_DYNAMIC_NO_PIC = NO;
				GCC_NO_COMMON_BLOCKS = YES;
				GCC_OPTIMIZATION_LEVEL = 0;
				GCC_PREPROCESSOR_DEFINITIONS = (
					"DEBUG=1",
					"$(inherited)",
				);
				GCC_WARN_64_TO_32_BIT_CONVERSION = YES;
				GCC_WARN_ABOUT_RETURN_TYPE = YES_ERROR;
				GCC_WARN_UNDECLARED_SELECTOR = YES;
				GCC_WARN_UNINITIALIZED_AUTOS = YES_AGGRESSIVE;
				GCC_WARN_UNUSED_FUNCTION = YES;
				GCC_WARN_UNUSED_VARIABLE = YES;
				IPHONEOS_DEPLOYMENT_TARGET = 14.3;
				MTL_ENABLE_DEBUG_INFO = INCLUDE_SOURCE;
				MTL_FAST_MATH = YES;
				ONLY_ACTIVE_ARCH = YES;
				SDKROOT = iphoneos;
				SWIFT_ACTIVE_COMPILATION_CONDITIONS = DEBUG;
				SWIFT_OPTIMIZATION_LEVEL = "-Onone";
			};
			name = Debug;
		};
		44A7D68A26736E8D00375D21 /* Release */ = {
			isa = XCBuildConfiguration;
			buildSettings = {
				ALWAYS_SEARCH_USER_PATHS = NO;
				CLANG_ANALYZER_NONNULL = YES;
				CLANG_ANALYZER_NUMBER_OBJECT_CONVERSION = YES_AGGRESSIVE;
				CLANG_CXX_LANGUAGE_STANDARD = "gnu++14";
				CLANG_CXX_LIBRARY = "libc++";
				CLANG_ENABLE_MODULES = YES;
				CLANG_ENABLE_OBJC_ARC = YES;
				CLANG_ENABLE_OBJC_WEAK = YES;
				CLANG_WARN_BLOCK_CAPTURE_AUTORELEASING = YES;
				CLANG_WARN_BOOL_CONVERSION = YES;
				CLANG_WARN_COMMA = YES;
				CLANG_WARN_CONSTANT_CONVERSION = YES;
				CLANG_WARN_DEPRECATED_OBJC_IMPLEMENTATIONS = YES;
				CLANG_WARN_DIRECT_OBJC_ISA_USAGE = YES_ERROR;
				CLANG_WARN_DOCUMENTATION_COMMENTS = YES;
				CLANG_WARN_EMPTY_BODY = YES;
				CLANG_WARN_ENUM_CONVERSION = YES;
				CLANG_WARN_INFINITE_RECURSION = YES;
				CLANG_WARN_INT_CONVERSION = YES;
				CLANG_WARN_NON_LITERAL_NULL_CONVERSION = YES;
				CLANG_WARN_OBJC_IMPLICIT_RETAIN_SELF = YES;
				CLANG_WARN_OBJC_LITERAL_CONVERSION = YES;
				CLANG_WARN_OBJC_ROOT_CLASS = YES_ERROR;
				CLANG_WARN_QUOTED_INCLUDE_IN_FRAMEWORK_HEADER = YES;
				CLANG_WARN_RANGE_LOOP_ANALYSIS = YES;
				CLANG_WARN_STRICT_PROTOTYPES = YES;
				CLANG_WARN_SUSPICIOUS_MOVE = YES;
				CLANG_WARN_UNGUARDED_AVAILABILITY = YES_AGGRESSIVE;
				CLANG_WARN_UNREACHABLE_CODE = YES;
				CLANG_WARN__DUPLICATE_METHOD_MATCH = YES;
				COPY_PHASE_STRIP = NO;
				DEBUG_INFORMATION_FORMAT = "dwarf-with-dsym";
				ENABLE_NS_ASSERTIONS = NO;
				ENABLE_STRICT_OBJC_MSGSEND = YES;
				GCC_C_LANGUAGE_STANDARD = gnu11;
				GCC_NO_COMMON_BLOCKS = YES;
				GCC_WARN_64_TO_32_BIT_CONVERSION = YES;
				GCC_WARN_ABOUT_RETURN_TYPE = YES_ERROR;
				GCC_WARN_UNDECLARED_SELECTOR = YES;
				GCC_WARN_UNINITIALIZED_AUTOS = YES_AGGRESSIVE;
				GCC_WARN_UNUSED_FUNCTION = YES;
				GCC_WARN_UNUSED_VARIABLE = YES;
				IPHONEOS_DEPLOYMENT_TARGET = 14.3;
				MTL_ENABLE_DEBUG_INFO = NO;
				MTL_FAST_MATH = YES;
				SDKROOT = iphoneos;
				SWIFT_COMPILATION_MODE = wholemodule;
				SWIFT_OPTIMIZATION_LEVEL = "-O";
				VALIDATE_PRODUCT = YES;
			};
			name = Release;
		};
		44A7D68C26736E8D00375D21 /* Debug */ = {
			isa = XCBuildConfiguration;
			baseConfigurationReference = A22C53004DE8E9B3F10D4AF5 /* Pods-currency-and-weather.debug.xcconfig */;
			buildSettings = {
				ASSETCATALOG_COMPILER_APPICON_NAME = AppIcon;
				ASSETCATALOG_COMPILER_GLOBAL_ACCENT_COLOR_NAME = AccentColor;
				CODE_SIGN_STYLE = Automatic;
				DEVELOPMENT_ASSET_PATHS = "\"currency-and-weather/Preview Content\"";
				ENABLE_PREVIEWS = YES;
				INFOPLIST_FILE = "currency-and-weather/Info.plist";
				IPHONEOS_DEPLOYMENT_TARGET = 14.0;
				LD_RUNPATH_SEARCH_PATHS = (
					"$(inherited)",
					"@executable_path/Frameworks",
				);
				PRODUCT_BUNDLE_IDENTIFIER = "Ilya-Kiselev.currency-and-weather";
				PRODUCT_NAME = "$(TARGET_NAME)";
				SWIFT_VERSION = 5.0;
				TARGETED_DEVICE_FAMILY = "1,2";
			};
			name = Debug;
		};
		44A7D68D26736E8D00375D21 /* Release */ = {
			isa = XCBuildConfiguration;
			baseConfigurationReference = BE5E6FE97552868D67F3167F /* Pods-currency-and-weather.release.xcconfig */;
			buildSettings = {
				ASSETCATALOG_COMPILER_APPICON_NAME = AppIcon;
				ASSETCATALOG_COMPILER_GLOBAL_ACCENT_COLOR_NAME = AccentColor;
				CODE_SIGN_STYLE = Automatic;
				DEVELOPMENT_ASSET_PATHS = "\"currency-and-weather/Preview Content\"";
				ENABLE_PREVIEWS = YES;
				INFOPLIST_FILE = "currency-and-weather/Info.plist";
				IPHONEOS_DEPLOYMENT_TARGET = 14.0;
				LD_RUNPATH_SEARCH_PATHS = (
					"$(inherited)",
					"@executable_path/Frameworks",
				);
				PRODUCT_BUNDLE_IDENTIFIER = "Ilya-Kiselev.currency-and-weather";
				PRODUCT_NAME = "$(TARGET_NAME)";
				SWIFT_VERSION = 5.0;
				TARGETED_DEVICE_FAMILY = "1,2";
			};
			name = Release;
		};
		44A7D68F26736E8D00375D21 /* Debug */ = {
			isa = XCBuildConfiguration;
			baseConfigurationReference = FE5B79674AA601DB1276428A /* Pods-currency-and-weatherTests.debug.xcconfig */;
			buildSettings = {
				ALWAYS_EMBED_SWIFT_STANDARD_LIBRARIES = YES;
				BUNDLE_LOADER = "$(TEST_HOST)";
				CODE_SIGN_STYLE = Automatic;
				INFOPLIST_FILE = "currency-and-weatherTests/Info.plist";
				IPHONEOS_DEPLOYMENT_TARGET = 14.0;
				LD_RUNPATH_SEARCH_PATHS = (
					"$(inherited)",
					"@executable_path/Frameworks",
					"@loader_path/Frameworks",
				);
				PRODUCT_BUNDLE_IDENTIFIER = "Ilya-Kiselev.currency-and-weatherTests";
				PRODUCT_NAME = "$(TARGET_NAME)";
				SWIFT_VERSION = 5.0;
				TARGETED_DEVICE_FAMILY = "1,2";
				TEST_HOST = "$(BUILT_PRODUCTS_DIR)/currency-and-weather.app/currency-and-weather";
			};
			name = Debug;
		};
		44A7D69026736E8D00375D21 /* Release */ = {
			isa = XCBuildConfiguration;
			baseConfigurationReference = 722731F6FD867BD2B783CB6F /* Pods-currency-and-weatherTests.release.xcconfig */;
			buildSettings = {
				ALWAYS_EMBED_SWIFT_STANDARD_LIBRARIES = YES;
				BUNDLE_LOADER = "$(TEST_HOST)";
				CODE_SIGN_STYLE = Automatic;
				INFOPLIST_FILE = "currency-and-weatherTests/Info.plist";
				IPHONEOS_DEPLOYMENT_TARGET = 14.0;
				LD_RUNPATH_SEARCH_PATHS = (
					"$(inherited)",
					"@executable_path/Frameworks",
					"@loader_path/Frameworks",
				);
				PRODUCT_BUNDLE_IDENTIFIER = "Ilya-Kiselev.currency-and-weatherTests";
				PRODUCT_NAME = "$(TARGET_NAME)";
				SWIFT_VERSION = 5.0;
				TARGETED_DEVICE_FAMILY = "1,2";
				TEST_HOST = "$(BUILT_PRODUCTS_DIR)/currency-and-weather.app/currency-and-weather";
			};
			name = Release;
		};
		44A7D69226736E8D00375D21 /* Debug */ = {
			isa = XCBuildConfiguration;
			baseConfigurationReference = 9D1629E748C43C1A319530EB /* Pods-currency-and-weather-currency-and-weatherUITests.debug.xcconfig */;
			buildSettings = {
				ALWAYS_EMBED_SWIFT_STANDARD_LIBRARIES = YES;
				CODE_SIGN_STYLE = Automatic;
				INFOPLIST_FILE = "currency-and-weatherUITests/Info.plist";
				LD_RUNPATH_SEARCH_PATHS = (
					"$(inherited)",
					"@executable_path/Frameworks",
					"@loader_path/Frameworks",
				);
				PRODUCT_BUNDLE_IDENTIFIER = "Ilya-Kiselev.currency-and-weatherUITests";
				PRODUCT_NAME = "$(TARGET_NAME)";
				SWIFT_VERSION = 5.0;
				TARGETED_DEVICE_FAMILY = "1,2";
				TEST_TARGET_NAME = "currency-and-weather";
			};
			name = Debug;
		};
		44A7D69326736E8D00375D21 /* Release */ = {
			isa = XCBuildConfiguration;
			baseConfigurationReference = DEDC1EDA39DE36FACCDB21BB /* Pods-currency-and-weather-currency-and-weatherUITests.release.xcconfig */;
			buildSettings = {
				ALWAYS_EMBED_SWIFT_STANDARD_LIBRARIES = YES;
				CODE_SIGN_STYLE = Automatic;
				INFOPLIST_FILE = "currency-and-weatherUITests/Info.plist";
				LD_RUNPATH_SEARCH_PATHS = (
					"$(inherited)",
					"@executable_path/Frameworks",
					"@loader_path/Frameworks",
				);
				PRODUCT_BUNDLE_IDENTIFIER = "Ilya-Kiselev.currency-and-weatherUITests";
				PRODUCT_NAME = "$(TARGET_NAME)";
				SWIFT_VERSION = 5.0;
				TARGETED_DEVICE_FAMILY = "1,2";
				TEST_TARGET_NAME = "currency-and-weather";
			};
			name = Release;
		};
/* End XCBuildConfiguration section */

/* Begin XCConfigurationList section */
		44A7D65C26736E7C00375D21 /* Build configuration list for PBXProject "currency-and-weather" */ = {
			isa = XCConfigurationList;
			buildConfigurations = (
				44A7D68926736E8D00375D21 /* Debug */,
				44A7D68A26736E8D00375D21 /* Release */,
			);
			defaultConfigurationIsVisible = 0;
			defaultConfigurationName = Release;
		};
		44A7D68B26736E8D00375D21 /* Build configuration list for PBXNativeTarget "currency-and-weather" */ = {
			isa = XCConfigurationList;
			buildConfigurations = (
				44A7D68C26736E8D00375D21 /* Debug */,
				44A7D68D26736E8D00375D21 /* Release */,
			);
			defaultConfigurationIsVisible = 0;
			defaultConfigurationName = Release;
		};
		44A7D68E26736E8D00375D21 /* Build configuration list for PBXNativeTarget "currency-and-weatherTests" */ = {
			isa = XCConfigurationList;
			buildConfigurations = (
				44A7D68F26736E8D00375D21 /* Debug */,
				44A7D69026736E8D00375D21 /* Release */,
			);
			defaultConfigurationIsVisible = 0;
			defaultConfigurationName = Release;
		};
		44A7D69126736E8D00375D21 /* Build configuration list for PBXNativeTarget "currency-and-weatherUITests" */ = {
			isa = XCConfigurationList;
			buildConfigurations = (
				44A7D69226736E8D00375D21 /* Debug */,
				44A7D69326736E8D00375D21 /* Release */,
			);
			defaultConfigurationIsVisible = 0;
			defaultConfigurationName = Release;
		};
/* End XCConfigurationList section */

/* Begin XCVersionGroup section */
		44A7D66F26736E8C00375D21 /* currency_and_weather.xcdatamodeld */ = {
			isa = XCVersionGroup;
			children = (
				44A7D67026736E8C00375D21 /* currency_and_weather.xcdatamodel */,
			);
			currentVersion = 44A7D67026736E8C00375D21 /* currency_and_weather.xcdatamodel */;
			path = currency_and_weather.xcdatamodeld;
			sourceTree = "<group>";
			versionGroupType = wrapper.xcdatamodel;
		};
/* End XCVersionGroup section */
	};
	rootObject = 44A7D65926736E7C00375D21 /* Project object */;
}
